// !$*UTF8*$!
{
	archiveVersion = 1;
	classes = {
	};
	objectVersion = 51;
	objects = {

/* Begin PBXBuildFile section */
		8F0C48F924A53BAE001D28F2 /* OmosCmViewController.swift in Sources */ = {isa = PBXBuildFile; fileRef = 8F0C48F824A53BAE001D28F2 /* OmosCmViewController.swift */; };
		8F6D3B76249C0C1400772DCA /* EmoTConGeeTweetoClassifier.mlmodel in Sources */ = {isa = PBXBuildFile; fileRef = 8F6D3B75249C0C1400772DCA /* EmoTConGeeTweetoClassifier.mlmodel */; };
		8F6D3B9A249C243B00772DCA /* GloballyUsed.swift in Sources */ = {isa = PBXBuildFile; fileRef = 8F6D3B99249C243B00772DCA /* GloballyUsed.swift */; };
		8F9C99CB249AEB1800E862A7 /* AppDelegate.swift in Sources */ = {isa = PBXBuildFile; fileRef = 8F9C99CA249AEB1800E862A7 /* AppDelegate.swift */; };
		8F9C99CD249AEB1800E862A7 /* SceneDelegate.swift in Sources */ = {isa = PBXBuildFile; fileRef = 8F9C99CC249AEB1800E862A7 /* SceneDelegate.swift */; };
		8F9C99CF249AEB1800E862A7 /* EmoViewController.swift in Sources */ = {isa = PBXBuildFile; fileRef = 8F9C99CE249AEB1800E862A7 /* EmoViewController.swift */; };
		8F9C99D2249AEB1800E862A7 /* Main.storyboard in Resources */ = {isa = PBXBuildFile; fileRef = 8F9C99D0249AEB1800E862A7 /* Main.storyboard */; };
		8F9C99D4249AEB1C00E862A7 /* Assets.xcassets in Resources */ = {isa = PBXBuildFile; fileRef = 8F9C99D3249AEB1C00E862A7 /* Assets.xcassets */; };
		8F9C99D7249AEB1C00E862A7 /* LaunchScreen.storyboard in Resources */ = {isa = PBXBuildFile; fileRef = 8F9C99D5249AEB1C00E862A7 /* LaunchScreen.storyboard */; };
		D06E8008E67A381BE24BF564 /* Pods_EmoTConGee.framework in Frameworks */ = {isa = PBXBuildFile; fileRef = 13B84A226397BD67ABF916AC /* Pods_EmoTConGee.framework */; };
/* End PBXBuildFile section */

/* Begin PBXCopyFilesBuildPhase section */
		8F6D3B8D249C1F4300772DCA /* Embed Frameworks */ = {
			isa = PBXCopyFilesBuildPhase;
			buildActionMask = 2147483647;
			dstPath = "";
			dstSubfolderSpec = 10;
			files = (
			);
			name = "Embed Frameworks";
			runOnlyForDeploymentPostprocessing = 0;
		};
/* End PBXCopyFilesBuildPhase section */

/* Begin PBXFileReference section */
		13B84A226397BD67ABF916AC /* Pods_EmoTConGee.framework */ = {isa = PBXFileReference; explicitFileType = wrapper.framework; includeInIndex = 0; path = Pods_EmoTConGee.framework; sourceTree = BUILT_PRODUCTS_DIR; };
		26F6A69C65DAEC34848CD056 /* Pods-EmoTConGee.release.xcconfig */ = {isa = PBXFileReference; includeInIndex = 1; lastKnownFileType = text.xcconfig; name = "Pods-EmoTConGee.release.xcconfig"; path = "Target Support Files/Pods-EmoTConGee/Pods-EmoTConGee.release.xcconfig"; sourceTree = "<group>"; };
		8F0C48F824A53BAE001D28F2 /* OmosCmViewController.swift */ = {isa = PBXFileReference; lastKnownFileType = sourcecode.swift; path = OmosCmViewController.swift; sourceTree = "<group>"; };
		8F6D3B75249C0C1400772DCA /* EmoTConGeeTweetoClassifier.mlmodel */ = {isa = PBXFileReference; lastKnownFileType = file.mlmodel; path = EmoTConGeeTweetoClassifier.mlmodel; sourceTree = SOURCE_ROOT; };
		8F6D3B77249C1E7900772DCA /* SwifterImported.xcodeproj */ = {isa = PBXFileReference; lastKnownFileType = "wrapper.pb-project"; name = SwifterImported.xcodeproj; path = ../Swifter/SwifterImported.xcodeproj; sourceTree = "<group>"; };
		8F6D3B99249C243B00772DCA /* GloballyUsed.swift */ = {isa = PBXFileReference; lastKnownFileType = sourcecode.swift; path = GloballyUsed.swift; sourceTree = "<group>"; };
		8F9C99C7249AEB1800E862A7 /* EmoTConGee.app */ = {isa = PBXFileReference; explicitFileType = wrapper.application; includeInIndex = 0; path = EmoTConGee.app; sourceTree = BUILT_PRODUCTS_DIR; };
		8F9C99CA249AEB1800E862A7 /* AppDelegate.swift */ = {isa = PBXFileReference; lastKnownFileType = sourcecode.swift; path = AppDelegate.swift; sourceTree = "<group>"; };
		8F9C99CC249AEB1800E862A7 /* SceneDelegate.swift */ = {isa = PBXFileReference; lastKnownFileType = sourcecode.swift; path = SceneDelegate.swift; sourceTree = "<group>"; };
		8F9C99CE249AEB1800E862A7 /* EmoViewController.swift */ = {isa = PBXFileReference; lastKnownFileType = sourcecode.swift; path = EmoViewController.swift; sourceTree = "<group>"; };
		8F9C99D1249AEB1800E862A7 /* Base */ = {isa = PBXFileReference; lastKnownFileType = file.storyboard; name = Base; path = Base.lproj/Main.storyboard; sourceTree = "<group>"; };
		8F9C99D3249AEB1C00E862A7 /* Assets.xcassets */ = {isa = PBXFileReference; lastKnownFileType = folder.assetcatalog; path = Assets.xcassets; sourceTree = "<group>"; };
		8F9C99D6249AEB1C00E862A7 /* Base */ = {isa = PBXFileReference; lastKnownFileType = file.storyboard; name = Base; path = Base.lproj/LaunchScreen.storyboard; sourceTree = "<group>"; };
		8F9C99D8249AEB1C00E862A7 /* Info.plist */ = {isa = PBXFileReference; lastKnownFileType = text.plist.xml; path = Info.plist; sourceTree = "<group>"; };
		CAA167DBE6D0D0600575AC85 /* Pods-EmoTConGee.debug.xcconfig */ = {isa = PBXFileReference; includeInIndex = 1; lastKnownFileType = text.xcconfig; name = "Pods-EmoTConGee.debug.xcconfig"; path = "Target Support Files/Pods-EmoTConGee/Pods-EmoTConGee.debug.xcconfig"; sourceTree = "<group>"; };
/* End PBXFileReference section */

/* Begin PBXFrameworksBuildPhase section */
		8F9C99C4249AEB1800E862A7 /* Frameworks */ = {
			isa = PBXFrameworksBuildPhase;
			buildActionMask = 2147483647;
			files = (
				D06E8008E67A381BE24BF564 /* Pods_EmoTConGee.framework in Frameworks */,
			);
			runOnlyForDeploymentPostprocessing = 0;
		};
/* End PBXFrameworksBuildPhase section */

/* Begin PBXGroup section */
		8F6D3B8A249C1F4200772DCA /* Frameworks */ = {
			isa = PBXGroup;
			children = (
				13B84A226397BD67ABF916AC /* Pods_EmoTConGee.framework */,
			);
			name = Frameworks;
			sourceTree = "<group>";
		};
		8F6D3BA5249C405B00772DCA /* ViewControls */ = {
			isa = PBXGroup;
			children = (
				8F9C99CE249AEB1800E862A7 /* EmoViewController.swift */,
				8F0C48F824A53BAE001D28F2 /* OmosCmViewController.swift */,
			);
			path = ViewControls;
			sourceTree = "<group>";
		};
		8F6D3BAB249C407000772DCA /* Models */ = {
			isa = PBXGroup;
			children = (
				8F6D3B99249C243B00772DCA /* GloballyUsed.swift */,
			);
			path = Models;
			sourceTree = "<group>";
		};
		8F6D3BAC249C407C00772DCA /* DefaultDelegates */ = {
			isa = PBXGroup;
			children = (
				8F9C99CC249AEB1800E862A7 /* SceneDelegate.swift */,
				8F9C99CA249AEB1800E862A7 /* AppDelegate.swift */,
			);
			path = DefaultDelegates;
			sourceTree = "<group>";
		};
		8F9C99BE249AEB1800E862A7 = {
			isa = PBXGroup;
			children = (
				8F6D3B77249C1E7900772DCA /* SwifterImported.xcodeproj */,
				8F9C99C9249AEB1800E862A7 /* EmoTConGee */,
				8F9C99C8249AEB1800E862A7 /* Products */,
				8F6D3B8A249C1F4200772DCA /* Frameworks */,
				996291FD7E6EF5CB0E915981 /* Pods */,
			);
			sourceTree = "<group>";
		};
		8F9C99C8249AEB1800E862A7 /* Products */ = {
			isa = PBXGroup;
			children = (
				8F9C99C7249AEB1800E862A7 /* EmoTConGee.app */,
			);
			name = Products;
			sourceTree = "<group>";
		};
		8F9C99C9249AEB1800E862A7 /* EmoTConGee */ = {
			isa = PBXGroup;
			children = (
				8F6D3BAC249C407C00772DCA /* DefaultDelegates */,
				8F6D3BA5249C405B00772DCA /* ViewControls */,
				8F6D3BAB249C407000772DCA /* Models */,
				8F6D3B75249C0C1400772DCA /* EmoTConGeeTweetoClassifier.mlmodel */,
				8F9C99D0249AEB1800E862A7 /* Main.storyboard */,
				8F9C99D3249AEB1C00E862A7 /* Assets.xcassets */,
				8F9C99D5249AEB1C00E862A7 /* LaunchScreen.storyboard */,
				8F9C99D8249AEB1C00E862A7 /* Info.plist */,
			);
			path = EmoTConGee;
			sourceTree = "<group>";
		};
		996291FD7E6EF5CB0E915981 /* Pods */ = {
			isa = PBXGroup;
			children = (
				CAA167DBE6D0D0600575AC85 /* Pods-EmoTConGee.debug.xcconfig */,
				26F6A69C65DAEC34848CD056 /* Pods-EmoTConGee.release.xcconfig */,
			);
			path = Pods;
			sourceTree = "<group>";
		};
/* End PBXGroup section */

/* Begin PBXNativeTarget section */
		8F9C99C6249AEB1800E862A7 /* EmoTConGee */ = {
			isa = PBXNativeTarget;
			buildConfigurationList = 8F9C99DB249AEB1C00E862A7 /* Build configuration list for PBXNativeTarget "EmoTConGee" */;
			buildPhases = (
				383289920DBA50BB7E444809 /* [CP] Check Pods Manifest.lock */,
				8F9C99C3249AEB1800E862A7 /* Sources */,
				8F9C99C4249AEB1800E862A7 /* Frameworks */,
				8F9C99C5249AEB1800E862A7 /* Resources */,
				8F6D3B8D249C1F4300772DCA /* Embed Frameworks */,
				C90F7CF89CD0BEEDD1379BBD /* [CP] Embed Pods Frameworks */,
			);
			buildRules = (
			);
			dependencies = (
			);
			name = EmoTConGee;
			productName = EmoTConGee;
			productReference = 8F9C99C7249AEB1800E862A7 /* EmoTConGee.app */;
			productType = "com.apple.product-type.application";
		};
/* End PBXNativeTarget section */

/* Begin PBXProject section */
		8F9C99BF249AEB1800E862A7 /* Project object */ = {
			isa = PBXProject;
			attributes = {
				LastSwiftUpdateCheck = 1140;
				LastUpgradeCheck = 1140;
				ORGANIZATIONNAME = "Jerry Ren";
				TargetAttributes = {
					8F9C99C6249AEB1800E862A7 = {
						CreatedOnToolsVersion = 11.4.1;
					};
				};
			};
			buildConfigurationList = 8F9C99C2249AEB1800E862A7 /* Build configuration list for PBXProject "EmoTConGee" */;
			compatibilityVersion = "Xcode 9.3";
			developmentRegion = en;
			hasScannedForEncodings = 0;
			knownRegions = (
				en,
				Base,
			);
			mainGroup = 8F9C99BE249AEB1800E862A7;
			productRefGroup = 8F9C99C8249AEB1800E862A7 /* Products */;
			projectDirPath = "";
			projectRoot = "";
			targets = (
				8F9C99C6249AEB1800E862A7 /* EmoTConGee */,
			);
		};
/* End PBXProject section */

/* Begin PBXResourcesBuildPhase section */
		8F9C99C5249AEB1800E862A7 /* Resources */ = {
			isa = PBXResourcesBuildPhase;
			buildActionMask = 2147483647;
			files = (
				8F9C99D7249AEB1C00E862A7 /* LaunchScreen.storyboard in Resources */,
				8F9C99D4249AEB1C00E862A7 /* Assets.xcassets in Resources */,
				8F9C99D2249AEB1800E862A7 /* Main.storyboard in Resources */,
			);
			runOnlyForDeploymentPostprocessing = 0;
		};
/* End PBXResourcesBuildPhase section */

/* Begin PBXShellScriptBuildPhase section */
		383289920DBA50BB7E444809 /* [CP] Check Pods Manifest.lock */ = {
			isa = PBXShellScriptBuildPhase;
			buildActionMask = 2147483647;
			files = (
			);
			inputFileListPaths = (
			);
			inputPaths = (
				"${PODS_PODFILE_DIR_PATH}/Podfile.lock",
				"${PODS_ROOT}/Manifest.lock",
			);
			name = "[CP] Check Pods Manifest.lock";
			outputFileListPaths = (
			);
			outputPaths = (
				"$(DERIVED_FILE_DIR)/Pods-EmoTConGee-checkManifestLockResult.txt",
			);
			runOnlyForDeploymentPostprocessing = 0;
			shellPath = /bin/sh;
			shellScript = "diff \"${PODS_PODFILE_DIR_PATH}/Podfile.lock\" \"${PODS_ROOT}/Manifest.lock\" > /dev/null\nif [ $? != 0 ] ; then\n    # print error to STDERR\n    echo \"error: The sandbox is not in sync with the Podfile.lock. Run 'pod install' or update your CocoaPods installation.\" >&2\n    exit 1\nfi\n# This output is used by Xcode 'outputs' to avoid re-running this script phase.\necho \"SUCCESS\" > \"${SCRIPT_OUTPUT_FILE_0}\"\n";
			showEnvVarsInLog = 0;
		};
		C90F7CF89CD0BEEDD1379BBD /* [CP] Embed Pods Frameworks */ = {
			isa = PBXShellScriptBuildPhase;
			buildActionMask = 2147483647;
			files = (
			);
			inputFileListPaths = (
				"${PODS_ROOT}/Target Support Files/Pods-EmoTConGee/Pods-EmoTConGee-frameworks-${CONFIGURATION}-input-files.xcfilelist",
			);
			name = "[CP] Embed Pods Frameworks";
			outputFileListPaths = (
				"${PODS_ROOT}/Target Support Files/Pods-EmoTConGee/Pods-EmoTConGee-frameworks-${CONFIGURATION}-output-files.xcfilelist",
			);
			runOnlyForDeploymentPostprocessing = 0;
			shellPath = /bin/sh;
			shellScript = "\"${PODS_ROOT}/Target Support Files/Pods-EmoTConGee/Pods-EmoTConGee-frameworks.sh\"\n";
			showEnvVarsInLog = 0;
		};
/* End PBXShellScriptBuildPhase section */

/* Begin PBXSourcesBuildPhase section */
		8F9C99C3249AEB1800E862A7 /* Sources */ = {
			isa = PBXSourcesBuildPhase;
			buildActionMask = 2147483647;
			files = (
				8F9C99CF249AEB1800E862A7 /* EmoViewController.swift in Sources */,
				8F6D3B9A249C243B00772DCA /* GloballyUsed.swift in Sources */,
				8F6D3B76249C0C1400772DCA /* EmoTConGeeTweetoClassifier.mlmodel in Sources */,
				8F9C99CB249AEB1800E862A7 /* AppDelegate.swift in Sources */,
				8F9C99CD249AEB1800E862A7 /* SceneDelegate.swift in Sources */,
				8F0C48F924A53BAE001D28F2 /* OmosCmViewController.swift in Sources */,
			);
			runOnlyForDeploymentPostprocessing = 0;
		};
/* End PBXSourcesBuildPhase section */

/* Begin PBXVariantGroup section */
		8F9C99D0249AEB1800E862A7 /* Main.storyboard */ = {
			isa = PBXVariantGroup;
			children = (
				8F9C99D1249AEB1800E862A7 /* Base */,
			);
			name = Main.storyboard;
			sourceTree = "<group>";
		};
		8F9C99D5249AEB1C00E862A7 /* LaunchScreen.storyboard */ = {
			isa = PBXVariantGroup;
			children = (
				8F9C99D6249AEB1C00E862A7 /* Base */,
			);
			name = LaunchScreen.storyboard;
			sourceTree = "<group>";
		};
/* End PBXVariantGroup section */

/* Begin XCBuildConfiguration section */
		8F9C99D9249AEB1C00E862A7 /* Debug */ = {
			isa = XCBuildConfiguration;
			buildSettings = {
				ALWAYS_SEARCH_USER_PATHS = NO;
				CLANG_ANALYZER_NONNULL = YES;
				CLANG_ANALYZER_NUMBER_OBJECT_CONVERSION = YES_AGGRESSIVE;
				CLANG_CXX_LANGUAGE_STANDARD = "gnu++14";
				CLANG_CXX_LIBRARY = "libc++";
				CLANG_ENABLE_MODULES = YES;
				CLANG_ENABLE_OBJC_ARC = YES;
				CLANG_ENABLE_OBJC_WEAK = YES;
				CLANG_WARN_BLOCK_CAPTURE_AUTORELEASING = YES;
				CLANG_WARN_BOOL_CONVERSION = YES;
				CLANG_WARN_COMMA = YES;
				CLANG_WARN_CONSTANT_CONVERSION = YES;
				CLANG_WARN_DEPRECATED_OBJC_IMPLEMENTATIONS = YES;
				CLANG_WARN_DIRECT_OBJC_ISA_USAGE = YES_ERROR;
				CLANG_WARN_DOCUMENTATION_COMMENTS = YES;
				CLANG_WARN_EMPTY_BODY = YES;
				CLANG_WARN_ENUM_CONVERSION = YES;
				CLANG_WARN_INFINITE_RECURSION = YES;
				CLANG_WARN_INT_CONVERSION = YES;
				CLANG_WARN_NON_LITERAL_NULL_CONVERSION = YES;
				CLANG_WARN_OBJC_IMPLICIT_RETAIN_SELF = YES;
				CLANG_WARN_OBJC_LITERAL_CONVERSION = YES;
				CLANG_WARN_OBJC_ROOT_CLASS = YES_ERROR;
				CLANG_WARN_RANGE_LOOP_ANALYSIS = YES;
				CLANG_WARN_STRICT_PROTOTYPES = YES;
				CLANG_WARN_SUSPICIOUS_MOVE = YES;
				CLANG_WARN_UNGUARDED_AVAILABILITY = YES_AGGRESSIVE;
				CLANG_WARN_UNREACHABLE_CODE = YES;
				CLANG_WARN__DUPLICATE_METHOD_MATCH = YES;
				COPY_PHASE_STRIP = NO;
				DEBUG_INFORMATION_FORMAT = dwarf;
				ENABLE_STRICT_OBJC_MSGSEND = YES;
				ENABLE_TESTABILITY = YES;
				GCC_C_LANGUAGE_STANDARD = gnu11;
				GCC_DYNAMIC_NO_PIC = NO;
				GCC_NO_COMMON_BLOCKS = YES;
				GCC_OPTIMIZATION_LEVEL = 0;
				GCC_PREPROCESSOR_DEFINITIONS = (
					"DEBUG=1",
					"$(inherited)",
				);
				GCC_WARN_64_TO_32_BIT_CONVERSION = YES;
				GCC_WARN_ABOUT_RETURN_TYPE = YES_ERROR;
				GCC_WARN_UNDECLARED_SELECTOR = YES;
				GCC_WARN_UNINITIALIZED_AUTOS = YES_AGGRESSIVE;
				GCC_WARN_UNUSED_FUNCTION = YES;
				GCC_WARN_UNUSED_VARIABLE = YES;
				IPHONEOS_DEPLOYMENT_TARGET = 13.4;
				MTL_ENABLE_DEBUG_INFO = INCLUDE_SOURCE;
				MTL_FAST_MATH = YES;
				ONLY_ACTIVE_ARCH = YES;
				SDKROOT = iphoneos;
				SWIFT_ACTIVE_COMPILATION_CONDITIONS = DEBUG;
				SWIFT_OPTIMIZATION_LEVEL = "-Onone";
			};
			name = Debug;
		};
		8F9C99DA249AEB1C00E862A7 /* Release */ = {
			isa = XCBuildConfiguration;
			buildSettings = {
				ALWAYS_SEARCH_USER_PATHS = NO;
				CLANG_ANALYZER_NONNULL = YES;
				CLANG_ANALYZER_NUMBER_OBJECT_CONVERSION = YES_AGGRESSIVE;
				CLANG_CXX_LANGUAGE_STANDARD = "gnu++14";
				CLANG_CXX_LIBRARY = "libc++";
				CLANG_ENABLE_MODULES = YES;
				CLANG_ENABLE_OBJC_ARC = YES;
				CLANG_ENABLE_OBJC_WEAK = YES;
				CLANG_WARN_BLOCK_CAPTURE_AUTORELEASING = YES;
				CLANG_WARN_BOOL_CONVERSION = YES;
				CLANG_WARN_COMMA = YES;
				CLANG_WARN_CONSTANT_CONVERSION = YES;
				CLANG_WARN_DEPRECATED_OBJC_IMPLEMENTATIONS = YES;
				CLANG_WARN_DIRECT_OBJC_ISA_USAGE = YES_ERROR;
				CLANG_WARN_DOCUMENTATION_COMMENTS = YES;
				CLANG_WARN_EMPTY_BODY = YES;
				CLANG_WARN_ENUM_CONVERSION = YES;
				CLANG_WARN_INFINITE_RECURSION = YES;
				CLANG_WARN_INT_CONVERSION = YES;
				CLANG_WARN_NON_LITERAL_NULL_CONVERSION = YES;
				CLANG_WARN_OBJC_IMPLICIT_RETAIN_SELF = YES;
				CLANG_WARN_OBJC_LITERAL_CONVERSION = YES;
				CLANG_WARN_OBJC_ROOT_CLASS = YES_ERROR;
				CLANG_WARN_RANGE_LOOP_ANALYSIS = YES;
				CLANG_WARN_STRICT_PROTOTYPES = YES;
				CLANG_WARN_SUSPICIOUS_MOVE = YES;
				CLANG_WARN_UNGUARDED_AVAILABILITY = YES_AGGRESSIVE;
				CLANG_WARN_UNREACHABLE_CODE = YES;
				CLANG_WARN__DUPLICATE_METHOD_MATCH = YES;
				COPY_PHASE_STRIP = NO;
				DEBUG_INFORMATION_FORMAT = "dwarf-with-dsym";
				ENABLE_NS_ASSERTIONS = NO;
				ENABLE_STRICT_OBJC_MSGSEND = YES;
				GCC_C_LANGUAGE_STANDARD = gnu11;
				GCC_NO_COMMON_BLOCKS = YES;
				GCC_WARN_64_TO_32_BIT_CONVERSION = YES;
				GCC_WARN_ABOUT_RETURN_TYPE = YES_ERROR;
				GCC_WARN_UNDECLARED_SELECTOR = YES;
				GCC_WARN_UNINITIALIZED_AUTOS = YES_AGGRESSIVE;
				GCC_WARN_UNUSED_FUNCTION = YES;
				GCC_WARN_UNUSED_VARIABLE = YES;
				IPHONEOS_DEPLOYMENT_TARGET = 13.4;
				MTL_ENABLE_DEBUG_INFO = NO;
				MTL_FAST_MATH = YES;
				SDKROOT = iphoneos;
				SWIFT_COMPILATION_MODE = wholemodule;
				SWIFT_OPTIMIZATION_LEVEL = "-O";
				VALIDATE_PRODUCT = YES;
			};
			name = Release;
		};
		8F9C99DC249AEB1C00E862A7 /* Debug */ = {
			isa = XCBuildConfiguration;
			baseConfigurationReference = CAA167DBE6D0D0600575AC85 /* Pods-EmoTConGee.debug.xcconfig */;
			buildSettings = {
				ASSETCATALOG_COMPILER_APPICON_NAME = AppIcon;
				CODE_SIGN_STYLE = Automatic;
				DEVELOPMENT_TEAM = AAPS2WKL6R;
				INFOPLIST_FILE = EmoTConGee/Info.plist;
				LD_RUNPATH_SEARCH_PATHS = (
					"$(inherited)",
					"@executable_path/Frameworks",
				);
				PRODUCT_BUNDLE_IDENTIFIER = com.JerExplosion.EmoTConGee;
				PRODUCT_NAME = "$(TARGET_NAME)";
				SWIFT_VERSION = 5.0;
				TARGETED_DEVICE_FAMILY = "1,2";
			};
			name = Debug;
		};
		8F9C99DD249AEB1C00E862A7 /* Release */ = {
			isa = XCBuildConfiguration;
			baseConfigurationReference = 26F6A69C65DAEC34848CD056 /* Pods-EmoTConGee.release.xcconfig */;
			buildSettings = {
				ASSETCATALOG_COMPILER_APPICON_NAME = AppIcon;
				CODE_SIGN_STYLE = Automatic;
				DEVELOPMENT_TEAM = AAPS2WKL6R;
				INFOPLIST_FILE = EmoTConGee/Info.plist;
				LD_RUNPATH_SEARCH_PATHS = (
					"$(inherited)",
					"@executable_path/Frameworks",
				);
				PRODUCT_BUNDLE_IDENTIFIER = com.JerExplosion.EmoTConGee;
				PRODUCT_NAME = "$(TARGET_NAME)";
				SWIFT_VERSION = 5.0;
				TARGETED_DEVICE_FAMILY = "1,2";
			};
			name = Release;
		};
/* End XCBuildConfiguration section */

/* Begin XCConfigurationList section */
		8F9C99C2249AEB1800E862A7 /* Build configuration list for PBXProject "EmoTConGee" */ = {
			isa = XCConfigurationList;
			buildConfigurations = (
				8F9C99D9249AEB1C00E862A7 /* Debug */,
				8F9C99DA249AEB1C00E862A7 /* Release */,
			);
			defaultConfigurationIsVisible = 0;
			defaultConfigurationName = Release;
		};
		8F9C99DB249AEB1C00E862A7 /* Build configuration list for PBXNativeTarget "EmoTConGee" */ = {
			isa = XCConfigurationList;
			buildConfigurations = (
				8F9C99DC249AEB1C00E862A7 /* Debug */,
				8F9C99DD249AEB1C00E862A7 /* Release */,
			);
			defaultConfigurationIsVisible = 0;
			defaultConfigurationName = Release;
		};
/* End XCConfigurationList section */
	};
	rootObject = 8F9C99BF249AEB1800E862A7 /* Project object */;
}
